
Microsoft Visual Studio Solution File, Format Version 12.00
Project("{FAE04EC0-301F-11D3-BF4B-00C04F79EFBC}") = "Domain", "example\CleanArchitectureProject\Domain\Domain.csproj", "{C2DB11AA-A735-4F31-A02C-58230D06ED75}"
EndProject
Project("{FAE04EC0-301F-11D3-BF4B-00C04F79EFBC}") = "Application", "example\CleanArchitectureProject\Application\Application.csproj", "{F1F4E028-F6A6-4906-9B9F-4269B517986E}"
EndProject
Project("{2150E333-8FDC-42A3-9474-1A3956D46DE8}") = "Core", "Core", "{31972FCF-C519-484E-B894-BB9DB547F0FD}"
EndProject
Project("{2150E333-8FDC-42A3-9474-1A3956D46DE8}") = "Infrastructure", "Infrastructure", "{21D16235-BCA4-41FC-960D-29232039923A}"
EndProject
Project("{FAE04EC0-301F-11D3-BF4B-00C04F79EFBC}") = "ApplicationContext", "example\CleanArchitectureProject\ApplicationContext\ApplicationContext.csproj", "{A3F09F41-3DCD-496F-8AFB-FCA833B953DC}"
EndProject
Project("{2150E333-8FDC-42A3-9474-1A3956D46DE8}") = "Web", "Web", "{A625E104-5588-4C13-8A1C-BE7A1B2F8880}"
EndProject
Project("{FAE04EC0-301F-11D3-BF4B-00C04F79EFBC}") = "WebApi", "example\CleanArchitectureProject\WebApi\WebApi.csproj", "{CADD581A-5A9A-46BA-BF02-D575E8DBECDE}"
EndProject
Project("{2150E333-8FDC-42A3-9474-1A3956D46DE8}") = "Example", "Example", "{CC2A5C92-AEC0-4C11-B5DF-0C8F5AE1CEEB}"
EndProject
Project("{FAE04EC0-301F-11D3-BF4B-00C04F79EFBC}") = "EFQueryBuilder", "src\EFQueryBuilder\EFQueryBuilder.csproj", "{457BF813-6A01-4D2B-8C02-FA182E6EAE3E}"
EndProject
Global
	GlobalSection(SolutionConfigurationPlatforms) = preSolution
		Debug|Any CPU = Debug|Any CPU
		Release|Any CPU = Release|Any CPU
	EndGlobalSection
	GlobalSection(ProjectConfigurationPlatforms) = postSolution
		{C2DB11AA-A735-4F31-A02C-58230D06ED75}.Debug|Any CPU.ActiveCfg = Debug|Any CPU
		{C2DB11AA-A735-4F31-A02C-58230D06ED75}.Debug|Any CPU.Build.0 = Debug|Any CPU
		{C2DB11AA-A735-4F31-A02C-58230D06ED75}.Release|Any CPU.ActiveCfg = Release|Any CPU
		{C2DB11AA-A735-4F31-A02C-58230D06ED75}.Release|Any CPU.Build.0 = Release|Any CPU
		{F1F4E028-F6A6-4906-9B9F-4269B517986E}.Debug|Any CPU.ActiveCfg = Debug|Any CPU
		{F1F4E028-F6A6-4906-9B9F-4269B517986E}.Debug|Any CPU.Build.0 = Debug|Any CPU
		{F1F4E028-F6A6-4906-9B9F-4269B517986E}.Release|Any CPU.ActiveCfg = Release|Any CPU
		{F1F4E028-F6A6-4906-9B9F-4269B517986E}.Release|Any CPU.Build.0 = Release|Any CPU
		{A3F09F41-3DCD-496F-8AFB-FCA833B953DC}.Debug|Any CPU.ActiveCfg = Debug|Any CPU
		{A3F09F41-3DCD-496F-8AFB-FCA833B953DC}.Debug|Any CPU.Build.0 = Debug|Any CPU
		{A3F09F41-3DCD-496F-8AFB-FCA833B953DC}.Release|Any CPU.ActiveCfg = Release|Any CPU
		{A3F09F41-3DCD-496F-8AFB-FCA833B953DC}.Release|Any CPU.Build.0 = Release|Any CPU
		{CADD581A-5A9A-46BA-BF02-D575E8DBECDE}.Debug|Any CPU.ActiveCfg = Debug|Any CPU
		{CADD581A-5A9A-46BA-BF02-D575E8DBECDE}.Debug|Any CPU.Build.0 = Debug|Any CPU
		{CADD581A-5A9A-46BA-BF02-D575E8DBECDE}.Release|Any CPU.ActiveCfg = Release|Any CPU
		{CADD581A-5A9A-46BA-BF02-D575E8DBECDE}.Release|Any CPU.Build.0 = Release|Any CPU
		{457BF813-6A01-4D2B-8C02-FA182E6EAE3E}.Debug|Any CPU.ActiveCfg = Debug|Any CPU
		{457BF813-6A01-4D2B-8C02-FA182E6EAE3E}.Debug|Any CPU.Build.0 = Debug|Any CPU
		{457BF813-6A01-4D2B-8C02-FA182E6EAE3E}.Release|Any CPU.ActiveCfg = Release|Any CPU
		{457BF813-6A01-4D2B-8C02-FA182E6EAE3E}.Release|Any CPU.Build.0 = Release|Any CPU
	EndGlobalSection
	GlobalSection(NestedProjects) = preSolution
		{F1F4E028-F6A6-4906-9B9F-4269B517986E} = {31972FCF-C519-484E-B894-BB9DB547F0FD}
		{C2DB11AA-A735-4F31-A02C-58230D06ED75} = {31972FCF-C519-484E-B894-BB9DB547F0FD}
		{A3F09F41-3DCD-496F-8AFB-FCA833B953DC} = {21D16235-BCA4-41FC-960D-29232039923A}
		{CADD581A-5A9A-46BA-BF02-D575E8DBECDE} = {A625E104-5588-4C13-8A1C-BE7A1B2F8880}
		{21D16235-BCA4-41FC-960D-29232039923A} = {CC2A5C92-AEC0-4C11-B5DF-0C8F5AE1CEEB}
		{31972FCF-C519-484E-B894-BB9DB547F0FD} = {CC2A5C92-AEC0-4C11-B5DF-0C8F5AE1CEEB}
		{A625E104-5588-4C13-8A1C-BE7A1B2F8880} = {CC2A5C92-AEC0-4C11-B5DF-0C8F5AE1CEEB}
	EndGlobalSection
EndGlobal
